
Microsoft Visual Studio Solution File, Format Version 12.00
# Visual Studio Version 16
VisualStudioVersion = 16.0.29613.14
MinimumVisualStudioVersion = 10.0.40219.1
Project("{FAE04EC0-301F-11D3-BF4B-00C04F79EFBC}") = "HardikKitchen", "HardikKitchen\HardikKitchen.csproj", "{72E45F85-B5B1-46FB-91C0-1EA85D0E4534}"
EndProject
Project("{FAE04EC0-301F-11D3-BF4B-00C04F79EFBC}") = "Taste.DataAccess", "Taste.DataAccess\Taste.DataAccess.csproj", "{754D3F70-68FA-4D0A-83B7-5F79F34A146A}"
EndProject
Project("{FAE04EC0-301F-11D3-BF4B-00C04F79EFBC}") = "Taste.Models", "Test.Models\Taste.Models.csproj", "{E6DC98F4-90A6-4C48-B235-DA22EFC91775}"
EndProject
Project("{FAE04EC0-301F-11D3-BF4B-00C04F79EFBC}") = "Taste.Utility", "Test.Utility\Taste.Utility.csproj", "{0263E9C7-2D08-44C3-80CB-8AAE52E724DD}"
EndProject
Global
	GlobalSection(SolutionConfigurationPlatforms) = preSolution
		Debug|Any CPU = Debug|Any CPU
		Release|Any CPU = Release|Any CPU
	EndGlobalSection
	GlobalSection(ProjectConfigurationPlatforms) = postSolution
		{72E45F85-B5B1-46FB-91C0-1EA85D0E4534}.Debug|Any CPU.ActiveCfg = Debug|Any CPU
		{72E45F85-B5B1-46FB-91C0-1EA85D0E4534}.Debug|Any CPU.Build.0 = Debug|Any CPU
		{72E45F85-B5B1-46FB-91C0-1EA85D0E4534}.Release|Any CPU.ActiveCfg = Release|Any CPU
		{72E45F85-B5B1-46FB-91C0-1EA85D0E4534}.Release|Any CPU.Build.0 = Release|Any CPU
		{754D3F70-68FA-4D0A-83B7-5F79F34A146A}.Debug|Any CPU.ActiveCfg = Debug|Any CPU
		{754D3F70-68FA-4D0A-83B7-5F79F34A146A}.Debug|Any CPU.Build.0 = Debug|Any CPU
		{754D3F70-68FA-4D0A-83B7-5F79F34A146A}.Release|Any CPU.ActiveCfg = Release|Any CPU
		{754D3F70-68FA-4D0A-83B7-5F79F34A146A}.Release|Any CPU.Build.0 = Release|Any CPU
		{E6DC98F4-90A6-4C48-B235-DA22EFC91775}.Debug|Any CPU.ActiveCfg = Debug|Any CPU
		{E6DC98F4-90A6-4C48-B235-DA22EFC91775}.Debug|Any CPU.Build.0 = Debug|Any CPU
		{E6DC98F4-90A6-4C48-B235-DA22EFC91775}.Release|Any CPU.ActiveCfg = Release|Any CPU
		{E6DC98F4-90A6-4C48-B235-DA22EFC91775}.Release|Any CPU.Build.0 = Release|Any CPU
		{0263E9C7-2D08-44C3-80CB-8AAE52E724DD}.Debug|Any CPU.ActiveCfg = Debug|Any CPU
		{0263E9C7-2D08-44C3-80CB-8AAE52E724DD}.Debug|Any CPU.Build.0 = Debug|Any CPU
		{0263E9C7-2D08-44C3-80CB-8AAE52E724DD}.Release|Any CPU.ActiveCfg = Release|Any CPU
		{0263E9C7-2D08-44C3-80CB-8AAE52E724DD}.Release|Any CPU.Build.0 = Release|Any CPU
	EndGlobalSection
	GlobalSection(SolutionProperties) = preSolution
		HideSolutionNode = FALSE
	EndGlobalSection
	GlobalSection(ExtensibilityGlobals) = postSolution
		SolutionGuid = {B63B997B-B2EE-4EC0-84E6-79BA67184247}
	EndGlobalSection
EndGlobal
